// !$*UTF8*$!
{
	archiveVersion = 1;
	classes = {
	};
	objectVersion = 46;
	objects = {

/* Begin PBXBuildFile section */
		2842E7E61ED597560042B5C3 /* AppDelegate.swift in Sources */ = {isa = PBXBuildFile; fileRef = 2842E7E51ED597560042B5C3 /* AppDelegate.swift */; };
		2842E7E81ED597560042B5C3 /* ViewController.swift in Sources */ = {isa = PBXBuildFile; fileRef = 2842E7E71ED597560042B5C3 /* ViewController.swift */; };
		2842E7EB1ED597560042B5C3 /* Main.storyboard in Resources */ = {isa = PBXBuildFile; fileRef = 2842E7E91ED597560042B5C3 /* Main.storyboard */; };
		2842E7EE1ED597560042B5C3 /* FirstProject.xcdatamodeld in Sources */ = {isa = PBXBuildFile; fileRef = 2842E7EC1ED597560042B5C3 /* FirstProject.xcdatamodeld */; };
		2842E7F01ED597570042B5C3 /* Assets.xcassets in Resources */ = {isa = PBXBuildFile; fileRef = 2842E7EF1ED597570042B5C3 /* Assets.xcassets */; };
		2842E7F31ED597570042B5C3 /* LaunchScreen.storyboard in Resources */ = {isa = PBXBuildFile; fileRef = 2842E7F11ED597570042B5C3 /* LaunchScreen.storyboard */; };
		2842E7FE1ED597570042B5C3 /* FirstProjectTests.swift in Sources */ = {isa = PBXBuildFile; fileRef = 2842E7FD1ED597570042B5C3 /* FirstProjectTests.swift */; };
		2842E8091ED597570042B5C3 /* FirstProjectUITests.swift in Sources */ = {isa = PBXBuildFile; fileRef = 2842E8081ED597570042B5C3 /* FirstProjectUITests.swift */; };
		287A967B1ED5ECD00092C9D8 /* Song.swift in Sources */ = {isa = PBXBuildFile; fileRef = 287A967A1ED5ECD00092C9D8 /* Song.swift */; };
		287A96821ED5FA530092C9D8 /* sf-san-francisco-ui-display-light-5925c1ef02cd4.otf in Resources */ = {isa = PBXBuildFile; fileRef = 287A967E1ED5F98F0092C9D8 /* sf-san-francisco-ui-display-light-5925c1ef02cd4.otf */; };
		287A96831ED5FA530092C9D8 /* sf-san-francisco-ui-text-regular-5925c1de2e9cc.otf in Resources */ = {isa = PBXBuildFile; fileRef = 287A967F1ED5F98F0092C9D8 /* sf-san-francisco-ui-text-regular-5925c1de2e9cc.otf */; };
		287A96841ED5FA530092C9D8 /* sf-san-francisco-ui-display-black-5925c1d37a545.otf in Resources */ = {isa = PBXBuildFile; fileRef = 287A96801ED5F98F0092C9D8 /* sf-san-francisco-ui-display-black-5925c1d37a545.otf */; };
		287A96851ED5FA530092C9D8 /* sf-san-francisco-ui-display-regular-5925c1c48865c.otf in Resources */ = {isa = PBXBuildFile; fileRef = 287A96811ED5F98F0092C9D8 /* sf-san-francisco-ui-display-regular-5925c1c48865c.otf */; };
		59A1552C0517418666E1FA39 /* Pods_FirstProject.framework in Frameworks */ = {isa = PBXBuildFile; fileRef = B1F9185C29AE8D94C5B729C5 /* Pods_FirstProject.framework */; };
/* End PBXBuildFile section */

/* Begin PBXContainerItemProxy section */
		2842E7FA1ED597570042B5C3 /* PBXContainerItemProxy */ = {
			isa = PBXContainerItemProxy;
			containerPortal = 2842E7DA1ED597560042B5C3 /* Project object */;
			proxyType = 1;
			remoteGlobalIDString = 2842E7E11ED597560042B5C3;
			remoteInfo = FirstProject;
		};
		2842E8051ED597570042B5C3 /* PBXContainerItemProxy */ = {
			isa = PBXContainerItemProxy;
			containerPortal = 2842E7DA1ED597560042B5C3 /* Project object */;
			proxyType = 1;
			remoteGlobalIDString = 2842E7E11ED597560042B5C3;
			remoteInfo = FirstProject;
		};
/* End PBXContainerItemProxy section */

/* Begin PBXFileReference section */
		2842E7E21ED597560042B5C3 /* FirstProject.app */ = {isa = PBXFileReference; explicitFileType = wrapper.application; includeInIndex = 0; path = FirstProject.app; sourceTree = BUILT_PRODUCTS_DIR; };
		2842E7E51ED597560042B5C3 /* AppDelegate.swift */ = {isa = PBXFileReference; lastKnownFileType = sourcecode.swift; path = AppDelegate.swift; sourceTree = "<group>"; };
		2842E7E71ED597560042B5C3 /* ViewController.swift */ = {isa = PBXFileReference; lastKnownFileType = sourcecode.swift; path = ViewController.swift; sourceTree = "<group>"; };
		2842E7EA1ED597560042B5C3 /* Base */ = {isa = PBXFileReference; lastKnownFileType = file.storyboard; name = Base; path = Base.lproj/Main.storyboard; sourceTree = "<group>"; };
		2842E7ED1ED597560042B5C3 /* FirstProject.xcdatamodel */ = {isa = PBXFileReference; lastKnownFileType = wrapper.xcdatamodel; path = FirstProject.xcdatamodel; sourceTree = "<group>"; };
		2842E7EF1ED597570042B5C3 /* Assets.xcassets */ = {isa = PBXFileReference; lastKnownFileType = folder.assetcatalog; path = Assets.xcassets; sourceTree = "<group>"; };
		2842E7F21ED597570042B5C3 /* Base */ = {isa = PBXFileReference; lastKnownFileType = file.storyboard; name = Base; path = Base.lproj/LaunchScreen.storyboard; sourceTree = "<group>"; };
		2842E7F41ED597570042B5C3 /* Info.plist */ = {isa = PBXFileReference; lastKnownFileType = text.plist.xml; path = Info.plist; sourceTree = "<group>"; };
		2842E7F91ED597570042B5C3 /* FirstProjectTests.xctest */ = {isa = PBXFileReference; explicitFileType = wrapper.cfbundle; includeInIndex = 0; path = FirstProjectTests.xctest; sourceTree = BUILT_PRODUCTS_DIR; };
		2842E7FD1ED597570042B5C3 /* FirstProjectTests.swift */ = {isa = PBXFileReference; lastKnownFileType = sourcecode.swift; path = FirstProjectTests.swift; sourceTree = "<group>"; };
		2842E7FF1ED597570042B5C3 /* Info.plist */ = {isa = PBXFileReference; lastKnownFileType = text.plist.xml; path = Info.plist; sourceTree = "<group>"; };
		2842E8041ED597570042B5C3 /* FirstProjectUITests.xctest */ = {isa = PBXFileReference; explicitFileType = wrapper.cfbundle; includeInIndex = 0; path = FirstProjectUITests.xctest; sourceTree = BUILT_PRODUCTS_DIR; };
		2842E8081ED597570042B5C3 /* FirstProjectUITests.swift */ = {isa = PBXFileReference; lastKnownFileType = sourcecode.swift; path = FirstProjectUITests.swift; sourceTree = "<group>"; };
		2842E80A1ED597570042B5C3 /* Info.plist */ = {isa = PBXFileReference; lastKnownFileType = text.plist.xml; path = Info.plist; sourceTree = "<group>"; };
		287A967A1ED5ECD00092C9D8 /* Song.swift */ = {isa = PBXFileReference; fileEncoding = 4; lastKnownFileType = sourcecode.swift; path = Song.swift; sourceTree = "<group>"; };
		287A967E1ED5F98F0092C9D8 /* sf-san-francisco-ui-display-light-5925c1ef02cd4.otf */ = {isa = PBXFileReference; lastKnownFileType = file; name = "sf-san-francisco-ui-display-light-5925c1ef02cd4.otf"; path = "../../../../Downloads/sf-san-francisco-ui-display-light-5925c1ef02cd4.otf"; sourceTree = "<group>"; };
		287A967F1ED5F98F0092C9D8 /* sf-san-francisco-ui-text-regular-5925c1de2e9cc.otf */ = {isa = PBXFileReference; lastKnownFileType = file; name = "sf-san-francisco-ui-text-regular-5925c1de2e9cc.otf"; path = "../../../../Downloads/sf-san-francisco-ui-text-regular-5925c1de2e9cc.otf"; sourceTree = "<group>"; };
		287A96801ED5F98F0092C9D8 /* sf-san-francisco-ui-display-black-5925c1d37a545.otf */ = {isa = PBXFileReference; lastKnownFileType = file; name = "sf-san-francisco-ui-display-black-5925c1d37a545.otf"; path = "../../../../Downloads/sf-san-francisco-ui-display-black-5925c1d37a545.otf"; sourceTree = "<group>"; };
		287A96811ED5F98F0092C9D8 /* sf-san-francisco-ui-display-regular-5925c1c48865c.otf */ = {isa = PBXFileReference; lastKnownFileType = file; name = "sf-san-francisco-ui-display-regular-5925c1c48865c.otf"; path = "../../../../Downloads/sf-san-francisco-ui-display-regular-5925c1c48865c.otf"; sourceTree = "<group>"; };
		7662014F253A0958AE0EE3B4 /* Pods-FirstProject.debug.xcconfig */ = {isa = PBXFileReference; includeInIndex = 1; lastKnownFileType = text.xcconfig; name = "Pods-FirstProject.debug.xcconfig"; path = "Pods/Target Support Files/Pods-FirstProject/Pods-FirstProject.debug.xcconfig"; sourceTree = "<group>"; };
		85CEA0DEBA1298834C1EDDC9 /* Pods-FirstProject.release.xcconfig */ = {isa = PBXFileReference; includeInIndex = 1; lastKnownFileType = text.xcconfig; name = "Pods-FirstProject.release.xcconfig"; path = "Pods/Target Support Files/Pods-FirstProject/Pods-FirstProject.release.xcconfig"; sourceTree = "<group>"; };
		B1F9185C29AE8D94C5B729C5 /* Pods_FirstProject.framework */ = {isa = PBXFileReference; explicitFileType = wrapper.framework; includeInIndex = 0; path = Pods_FirstProject.framework; sourceTree = BUILT_PRODUCTS_DIR; };
/* End PBXFileReference section */

/* Begin PBXFrameworksBuildPhase section */
		2842E7DF1ED597560042B5C3 /* Frameworks */ = {
			isa = PBXFrameworksBuildPhase;
			buildActionMask = 2147483647;
			files = (
				59A1552C0517418666E1FA39 /* Pods_FirstProject.framework in Frameworks */,
			);
			runOnlyForDeploymentPostprocessing = 0;
		};
		2842E7F61ED597570042B5C3 /* Frameworks */ = {
			isa = PBXFrameworksBuildPhase;
			buildActionMask = 2147483647;
			files = (
			);
			runOnlyForDeploymentPostprocessing = 0;
		};
		2842E8011ED597570042B5C3 /* Frameworks */ = {
			isa = PBXFrameworksBuildPhase;
			buildActionMask = 2147483647;
			files = (
			);
			runOnlyForDeploymentPostprocessing = 0;
		};
/* End PBXFrameworksBuildPhase section */

/* Begin PBXGroup section */
		2842E7D91ED597560042B5C3 = {
			isa = PBXGroup;
			children = (
				2842E7E41ED597560042B5C3 /* FirstProject */,
				2842E7FC1ED597570042B5C3 /* FirstProjectTests */,
				2842E8071ED597570042B5C3 /* FirstProjectUITests */,
				2842E7E31ED597560042B5C3 /* Products */,
				AAD1FC32CD7BC41F75C40B02 /* Pods */,
				42CBD528AE6581ABD55EA535 /* Frameworks */,
			);
			sourceTree = "<group>";
		};
		2842E7E31ED597560042B5C3 /* Products */ = {
			isa = PBXGroup;
			children = (
				2842E7E21ED597560042B5C3 /* FirstProject.app */,
				2842E7F91ED597570042B5C3 /* FirstProjectTests.xctest */,
				2842E8041ED597570042B5C3 /* FirstProjectUITests.xctest */,
			);
			name = Products;
			sourceTree = "<group>";
		};
		2842E7E41ED597560042B5C3 /* FirstProject */ = {
			isa = PBXGroup;
			children = (
				287A967D1ED5F89C0092C9D8 /* Fonts */,
				287A96771ED5ECA00092C9D8 /* Entity */,
				2842E8161ED597DF0042B5C3 /* Ressources */,
				2842E7E71ED597560042B5C3 /* ViewController.swift */,
				2842E7E91ED597560042B5C3 /* Main.storyboard */,
			);
			path = FirstProject;
			sourceTree = "<group>";
		};
		2842E7FC1ED597570042B5C3 /* FirstProjectTests */ = {
			isa = PBXGroup;
			children = (
				2842E7FD1ED597570042B5C3 /* FirstProjectTests.swift */,
				2842E7FF1ED597570042B5C3 /* Info.plist */,
			);
			path = FirstProjectTests;
			sourceTree = "<group>";
		};
		2842E8071ED597570042B5C3 /* FirstProjectUITests */ = {
			isa = PBXGroup;
			children = (
				2842E8081ED597570042B5C3 /* FirstProjectUITests.swift */,
				2842E80A1ED597570042B5C3 /* Info.plist */,
			);
			path = FirstProjectUITests;
			sourceTree = "<group>";
		};
		2842E8161ED597DF0042B5C3 /* Ressources */ = {
			isa = PBXGroup;
			children = (
				2842E7E51ED597560042B5C3 /* AppDelegate.swift */,
				2842E7F41ED597570042B5C3 /* Info.plist */,
				2842E7EC1ED597560042B5C3 /* FirstProject.xcdatamodeld */,
				2842E7F11ED597570042B5C3 /* LaunchScreen.storyboard */,
				2842E7EF1ED597570042B5C3 /* Assets.xcassets */,
			);
			name = Ressources;
			sourceTree = "<group>";
		};
		287A96771ED5ECA00092C9D8 /* Entity */ = {
			isa = PBXGroup;
			children = (
				287A967A1ED5ECD00092C9D8 /* Song.swift */,
			);
			name = Entity;
			sourceTree = "<group>";
		};
		287A967D1ED5F89C0092C9D8 /* Fonts */ = {
			isa = PBXGroup;
			children = (
				287A967E1ED5F98F0092C9D8 /* sf-san-francisco-ui-display-light-5925c1ef02cd4.otf */,
				287A967F1ED5F98F0092C9D8 /* sf-san-francisco-ui-text-regular-5925c1de2e9cc.otf */,
				287A96801ED5F98F0092C9D8 /* sf-san-francisco-ui-display-black-5925c1d37a545.otf */,
				287A96811ED5F98F0092C9D8 /* sf-san-francisco-ui-display-regular-5925c1c48865c.otf */,
			);
			name = Fonts;
			sourceTree = "<group>";
		};
		42CBD528AE6581ABD55EA535 /* Frameworks */ = {
			isa = PBXGroup;
			children = (
				B1F9185C29AE8D94C5B729C5 /* Pods_FirstProject.framework */,
			);
			name = Frameworks;
			sourceTree = "<group>";
		};
		AAD1FC32CD7BC41F75C40B02 /* Pods */ = {
			isa = PBXGroup;
			children = (
				7662014F253A0958AE0EE3B4 /* Pods-FirstProject.debug.xcconfig */,
				85CEA0DEBA1298834C1EDDC9 /* Pods-FirstProject.release.xcconfig */,
			);
			name = Pods;
			sourceTree = "<group>";
		};
/* End PBXGroup section */

/* Begin PBXNativeTarget section */
		2842E7E11ED597560042B5C3 /* FirstProject */ = {
			isa = PBXNativeTarget;
			buildConfigurationList = 2842E80D1ED597570042B5C3 /* Build configuration list for PBXNativeTarget "FirstProject" */;
			buildPhases = (
				C3213CE738B1622E02DD4A3A /* [CP] Check Pods Manifest.lock */,
				2842E7DE1ED597560042B5C3 /* Sources */,
				2842E7DF1ED597560042B5C3 /* Frameworks */,
				2842E7E01ED597560042B5C3 /* Resources */,
				0245C78DDFCDF02F7123A6ED /* [CP] Embed Pods Frameworks */,
				0297ECA8FFA78C31602EA928 /* [CP] Copy Pods Resources */,
			);
			buildRules = (
			);
			dependencies = (
			);
			name = FirstProject;
			productName = FirstProject;
			productReference = 2842E7E21ED597560042B5C3 /* FirstProject.app */;
			productType = "com.apple.product-type.application";
		};
		2842E7F81ED597570042B5C3 /* FirstProjectTests */ = {
			isa = PBXNativeTarget;
			buildConfigurationList = 2842E8101ED597570042B5C3 /* Build configuration list for PBXNativeTarget "FirstProjectTests" */;
			buildPhases = (
				2842E7F51ED597570042B5C3 /* Sources */,
				2842E7F61ED597570042B5C3 /* Frameworks */,
				2842E7F71ED597570042B5C3 /* Resources */,
			);
			buildRules = (
			);
			dependencies = (
				2842E7FB1ED597570042B5C3 /* PBXTargetDependency */,
			);
			name = FirstProjectTests;
			productName = FirstProjectTests;
			productReference = 2842E7F91ED597570042B5C3 /* FirstProjectTests.xctest */;
			productType = "com.apple.product-type.bundle.unit-test";
		};
		2842E8031ED597570042B5C3 /* FirstProjectUITests */ = {
			isa = PBXNativeTarget;
			buildConfigurationList = 2842E8131ED597570042B5C3 /* Build configuration list for PBXNativeTarget "FirstProjectUITests" */;
			buildPhases = (
				2842E8001ED597570042B5C3 /* Sources */,
				2842E8011ED597570042B5C3 /* Frameworks */,
				2842E8021ED597570042B5C3 /* Resources */,
			);
			buildRules = (
			);
			dependencies = (
				2842E8061ED597570042B5C3 /* PBXTargetDependency */,
			);
			name = FirstProjectUITests;
			productName = FirstProjectUITests;
			productReference = 2842E8041ED597570042B5C3 /* FirstProjectUITests.xctest */;
			productType = "com.apple.product-type.bundle.ui-testing";
		};
/* End PBXNativeTarget section */

/* Begin PBXProject section */
		2842E7DA1ED597560042B5C3 /* Project object */ = {
			isa = PBXProject;
			attributes = {
				LastSwiftUpdateCheck = 0820;
				LastUpgradeCheck = 0820;
				ORGANIZATIONNAME = "bechir kaddech";
				TargetAttributes = {
					2842E7E11ED597560042B5C3 = {
						CreatedOnToolsVersion = 8.2.1;
						ProvisioningStyle = Automatic;
					};
					2842E7F81ED597570042B5C3 = {
						CreatedOnToolsVersion = 8.2.1;
						ProvisioningStyle = Automatic;
						TestTargetID = 2842E7E11ED597560042B5C3;
					};
					2842E8031ED597570042B5C3 = {
						CreatedOnToolsVersion = 8.2.1;
						ProvisioningStyle = Automatic;
						TestTargetID = 2842E7E11ED597560042B5C3;
					};
				};
			};
			buildConfigurationList = 2842E7DD1ED597560042B5C3 /* Build configuration list for PBXProject "FirstProject" */;
			compatibilityVersion = "Xcode 3.2";
			developmentRegion = English;
			hasScannedForEncodings = 0;
			knownRegions = (
				en,
				Base,
			);
			mainGroup = 2842E7D91ED597560042B5C3;
			productRefGroup = 2842E7E31ED597560042B5C3 /* Products */;
			projectDirPath = "";
			projectRoot = "";
			targets = (
				2842E7E11ED597560042B5C3 /* FirstProject */,
				2842E7F81ED597570042B5C3 /* FirstProjectTests */,
				2842E8031ED597570042B5C3 /* FirstProjectUITests */,
			);
		};
/* End PBXProject section */

/* Begin PBXResourcesBuildPhase section */
		2842E7E01ED597560042B5C3 /* Resources */ = {
			isa = PBXResourcesBuildPhase;
			buildActionMask = 2147483647;
			files = (
				287A96821ED5FA530092C9D8 /* sf-san-francisco-ui-display-light-5925c1ef02cd4.otf in Resources */,
				287A96831ED5FA530092C9D8 /* sf-san-francisco-ui-text-regular-5925c1de2e9cc.otf in Resources */,
				287A96841ED5FA530092C9D8 /* sf-san-francisco-ui-display-black-5925c1d37a545.otf in Resources */,
				287A96851ED5FA530092C9D8 /* sf-san-francisco-ui-display-regular-5925c1c48865c.otf in Resources */,
				2842E7F31ED597570042B5C3 /* LaunchScreen.storyboard in Resources */,
				2842E7F01ED597570042B5C3 /* Assets.xcassets in Resources */,
				2842E7EB1ED597560042B5C3 /* Main.storyboard in Resources */,
			);
			runOnlyForDeploymentPostprocessing = 0;
		};
		2842E7F71ED597570042B5C3 /* Resources */ = {
			isa = PBXResourcesBuildPhase;
			buildActionMask = 2147483647;
			files = (
			);
			runOnlyForDeploymentPostprocessing = 0;
		};
		2842E8021ED597570042B5C3 /* Resources */ = {
			isa = PBXResourcesBuildPhase;
			buildActionMask = 2147483647;
			files = (
			);
			runOnlyForDeploymentPostprocessing = 0;
		};
/* End PBXResourcesBuildPhase section */

/* Begin PBXShellScriptBuildPhase section */
		0245C78DDFCDF02F7123A6ED /* [CP] Embed Pods Frameworks */ = {
			isa = PBXShellScriptBuildPhase;
			buildActionMask = 2147483647;
			files = (
			);
			inputPaths = (
			);
			name = "[CP] Embed Pods Frameworks";
			outputPaths = (
			);
			runOnlyForDeploymentPostprocessing = 0;
			shellPath = /bin/sh;
			shellScript = "\"${SRCROOT}/Pods/Target Support Files/Pods-FirstProject/Pods-FirstProject-frameworks.sh\"\n";
			showEnvVarsInLog = 0;
		};
		0297ECA8FFA78C31602EA928 /* [CP] Copy Pods Resources */ = {
			isa = PBXShellScriptBuildPhase;
			buildActionMask = 2147483647;
			files = (
			);
			inputPaths = (
			);
			name = "[CP] Copy Pods Resources";
			outputPaths = (
			);
			runOnlyForDeploymentPostprocessing = 0;
			shellPath = /bin/sh;
			shellScript = "\"${SRCROOT}/Pods/Target Support Files/Pods-FirstProject/Pods-FirstProject-resources.sh\"\n";
			showEnvVarsInLog = 0;
		};
		C3213CE738B1622E02DD4A3A /* [CP] Check Pods Manifest.lock */ = {
			isa = PBXShellScriptBuildPhase;
			buildActionMask = 2147483647;
			files = (
			);
			inputPaths = (
			);
			name = "[CP] Check Pods Manifest.lock";
			outputPaths = (
			);
			runOnlyForDeploymentPostprocessing = 0;
			shellPath = /bin/sh;
			shellScript = "diff \"${PODS_PODFILE_DIR_PATH}/Podfile.lock\" \"${PODS_ROOT}/Manifest.lock\" > /dev/null\nif [ $? != 0 ] ; then\n    # print error to STDERR\n    echo \"error: The sandbox is not in sync with the Podfile.lock. Run 'pod install' or update your CocoaPods installation.\" >&2\n    exit 1\nfi\n";
			showEnvVarsInLog = 0;
		};
/* End PBXShellScriptBuildPhase section */

/* Begin PBXSourcesBuildPhase section */
		2842E7DE1ED597560042B5C3 /* Sources */ = {
			isa = PBXSourcesBuildPhase;
			buildActionMask = 2147483647;
			files = (
				287A967B1ED5ECD00092C9D8 /* Song.swift in Sources */,
				2842E7E81ED597560042B5C3 /* ViewController.swift in Sources */,
				2842E7EE1ED597560042B5C3 /* FirstProject.xcdatamodeld in Sources */,
				2842E7E61ED597560042B5C3 /* AppDelegate.swift in Sources */,
			);
			runOnlyForDeploymentPostprocessing = 0;
		};
		2842E7F51ED597570042B5C3 /* Sources */ = {
			isa = PBXSourcesBuildPhase;
			buildActionMask = 2147483647;
			files = (
				2842E7FE1ED597570042B5C3 /* FirstProjectTests.swift in Sources */,
			);
			runOnlyForDeploymentPostprocessing = 0;
		};
		2842E8001ED597570042B5C3 /* Sources */ = {
			isa = PBXSourcesBuildPhase;
			buildActionMask = 2147483647;
			files = (
				2842E8091ED597570042B5C3 /* FirstProjectUITests.swift in Sources */,
			);
			runOnlyForDeploymentPostprocessing = 0;
		};
/* End PBXSourcesBuildPhase section */

/* Begin PBXTargetDependency section */
		2842E7FB1ED597570042B5C3 /* PBXTargetDependency */ = {
			isa = PBXTargetDependency;
			target = 2842E7E11ED597560042B5C3 /* FirstProject */;
			targetProxy = 2842E7FA1ED597570042B5C3 /* PBXContainerItemProxy */;
		};
		2842E8061ED597570042B5C3 /* PBXTargetDependency */ = {
			isa = PBXTargetDependency;
			target = 2842E7E11ED597560042B5C3 /* FirstProject */;
			targetProxy = 2842E8051ED597570042B5C3 /* PBXContainerItemProxy */;
		};
/* End PBXTargetDependency section */

/* Begin PBXVariantGroup section */
		2842E7E91ED597560042B5C3 /* Main.storyboard */ = {
			isa = PBXVariantGroup;
			children = (
				2842E7EA1ED597560042B5C3 /* Base */,
			);
			name = Main.storyboard;
			sourceTree = "<group>";
		};
		2842E7F11ED597570042B5C3 /* LaunchScreen.storyboard */ = {
			isa = PBXVariantGroup;
			children = (
				2842E7F21ED597570042B5C3 /* Base */,
			);
			name = LaunchScreen.storyboard;
			sourceTree = "<group>";
		};
/* End PBXVariantGroup section */

/* Begin XCBuildConfiguration section */
		2842E80B1ED597570042B5C3 /* Debug */ = {
			isa = XCBuildConfiguration;
			buildSettings = {
				ALWAYS_SEARCH_USER_PATHS = NO;
				CLANG_ANALYZER_NONNULL = YES;
				CLANG_CXX_LANGUAGE_STANDARD = "gnu++0x";
				CLANG_CXX_LIBRARY = "libc++";
				CLANG_ENABLE_MODULES = YES;
				CLANG_ENABLE_OBJC_ARC = YES;
				CLANG_WARN_BOOL_CONVERSION = YES;
				CLANG_WARN_CONSTANT_CONVERSION = YES;
				CLANG_WARN_DIRECT_OBJC_ISA_USAGE = YES_ERROR;
				CLANG_WARN_DOCUMENTATION_COMMENTS = YES;
				CLANG_WARN_EMPTY_BODY = YES;
				CLANG_WARN_ENUM_CONVERSION = YES;
				CLANG_WARN_INFINITE_RECURSION = YES;
				CLANG_WARN_INT_CONVERSION = YES;
				CLANG_WARN_OBJC_ROOT_CLASS = YES_ERROR;
				CLANG_WARN_SUSPICIOUS_MOVE = YES;
				CLANG_WARN_UNREACHABLE_CODE = YES;
				CLANG_WARN__DUPLICATE_METHOD_MATCH = YES;
				"CODE_SIGN_IDENTITY[sdk=iphoneos*]" = "iPhone Developer";
				COPY_PHASE_STRIP = NO;
				DEBUG_INFORMATION_FORMAT = dwarf;
				ENABLE_STRICT_OBJC_MSGSEND = YES;
				ENABLE_TESTABILITY = YES;
				GCC_C_LANGUAGE_STANDARD = gnu99;
				GCC_DYNAMIC_NO_PIC = NO;
				GCC_NO_COMMON_BLOCKS = YES;
				GCC_OPTIMIZATION_LEVEL = 0;
				GCC_PREPROCESSOR_DEFINITIONS = (
					"DEBUG=1",
					"$(inherited)",
				);
				GCC_WARN_64_TO_32_BIT_CONVERSION = YES;
				GCC_WARN_ABOUT_RETURN_TYPE = YES_ERROR;
				GCC_WARN_UNDECLARED_SELECTOR = YES;
				GCC_WARN_UNINITIALIZED_AUTOS = YES_AGGRESSIVE;
				GCC_WARN_UNUSED_FUNCTION = YES;
				GCC_WARN_UNUSED_VARIABLE = YES;
				IPHONEOS_DEPLOYMENT_TARGET = 10.2;
				MTL_ENABLE_DEBUG_INFO = YES;
				ONLY_ACTIVE_ARCH = YES;
				SDKROOT = iphoneos;
				SWIFT_ACTIVE_COMPILATION_CONDITIONS = DEBUG;
				SWIFT_OPTIMIZATION_LEVEL = "-Onone";
				TARGETED_DEVICE_FAMILY = "1,2";
			};
			name = Debug;
		};
		2842E80C1ED597570042B5C3 /* Release */ = {
			isa = XCBuildConfiguration;
			buildSettings = {
				ALWAYS_SEARCH_USER_PATHS = NO;
				CLANG_ANALYZER_NONNULL = YES;
				CLANG_CXX_LANGUAGE_STANDARD = "gnu++0x";
				CLANG_CXX_LIBRARY = "libc++";
				CLANG_ENABLE_MODULES = YES;
				CLANG_ENABLE_OBJC_ARC = YES;
				CLANG_WARN_BOOL_CONVERSION = YES;
				CLANG_WARN_CONSTANT_CONVERSION = YES;
				CLANG_WARN_DIRECT_OBJC_ISA_USAGE = YES_ERROR;
				CLANG_WARN_DOCUMENTATION_COMMENTS = YES;
				CLANG_WARN_EMPTY_BODY = YES;
				CLANG_WARN_ENUM_CONVERSION = YES;
				CLANG_WARN_INFINITE_RECURSION = YES;
				CLANG_WARN_INT_CONVERSION = YES;
				CLANG_WARN_OBJC_ROOT_CLASS = YES_ERROR;
				CLANG_WARN_SUSPICIOUS_MOVE = YES;
				CLANG_WARN_UNREACHABLE_CODE = YES;
				CLANG_WARN__DUPLICATE_METHOD_MATCH = YES;
				"CODE_SIGN_IDENTITY[sdk=iphoneos*]" = "iPhone Developer";
				COPY_PHASE_STRIP = NO;
				DEBUG_INFORMATION_FORMAT = "dwarf-with-dsym";
				ENABLE_NS_ASSERTIONS = NO;
				ENABLE_STRICT_OBJC_MSGSEND = YES;
				GCC_C_LANGUAGE_STANDARD = gnu99;
				GCC_NO_COMMON_BLOCKS = YES;
				GCC_WARN_64_TO_32_BIT_CONVERSION = YES;
				GCC_WARN_ABOUT_RETURN_TYPE = YES_ERROR;
				GCC_WARN_UNDECLARED_SELECTOR = YES;
				GCC_WARN_UNINITIALIZED_AUTOS = YES_AGGRESSIVE;
				GCC_WARN_UNUSED_FUNCTION = YES;
				GCC_WARN_UNUSED_VARIABLE = YES;
				IPHONEOS_DEPLOYMENT_TARGET = 10.2;
				MTL_ENABLE_DEBUG_INFO = NO;
				SDKROOT = iphoneos;
				SWIFT_OPTIMIZATION_LEVEL = "-Owholemodule";
				TARGETED_DEVICE_FAMILY = "1,2";
				VALIDATE_PRODUCT = YES;
			};
			name = Release;
		};
		2842E80E1ED597570042B5C3 /* Debug */ = {
			isa = XCBuildConfiguration;
			baseConfigurationReference = 7662014F253A0958AE0EE3B4 /* Pods-FirstProject.debug.xcconfig */;
			buildSettings = {
				ASSETCATALOG_COMPILER_APPICON_NAME = AppIcon;
				INFOPLIST_FILE = FirstProject/Info.plist;
				LD_RUNPATH_SEARCH_PATHS = "$(inherited) @executable_path/Frameworks";
				PRODUCT_BUNDLE_IDENTIFIER = com.bechir.FirstProject;
				PRODUCT_NAME = "$(TARGET_NAME)";
				SWIFT_VERSION = 3.0;
			};
			name = Debug;
		};
		2842E80F1ED597570042B5C3 /* Release */ = {
			isa = XCBuildConfiguration;
			baseConfigurationReference = 85CEA0DEBA1298834C1EDDC9 /* Pods-FirstProject.release.xcconfig */;
			buildSettings = {
				ASSETCATALOG_COMPILER_APPICON_NAME = AppIcon;
				INFOPLIST_FILE = FirstProject/Info.plist;
				LD_RUNPATH_SEARCH_PATHS = "$(inherited) @executable_path/Frameworks";
				PRODUCT_BUNDLE_IDENTIFIER = com.bechir.FirstProject;
				PRODUCT_NAME = "$(TARGET_NAME)";
				SWIFT_VERSION = 3.0;
			};
			name = Release;
		};
		2842E8111ED597570042B5C3 /* Debug */ = {
			isa = XCBuildConfiguration;
			buildSettings = {
				ALWAYS_EMBED_SWIFT_STANDARD_LIBRARIES = YES;
				BUNDLE_LOADER = "$(TEST_HOST)";
				INFOPLIST_FILE = FirstProjectTests/Info.plist;
				LD_RUNPATH_SEARCH_PATHS = "$(inherited) @executable_path/Frameworks @loader_path/Frameworks";
				PRODUCT_BUNDLE_IDENTIFIER = com.bechir.FirstProjectTests;
				PRODUCT_NAME = "$(TARGET_NAME)";
				SWIFT_VERSION = 3.0;
				TEST_HOST = "$(BUILT_PRODUCTS_DIR)/FirstProject.app/FirstProject";
			};
			name = Debug;
		};
		2842E8121ED597570042B5C3 /* Release */ = {
			isa = XCBuildConfiguration;
			buildSettings = {
				ALWAYS_EMBED_SWIFT_STANDARD_LIBRARIES = YES;
				BUNDLE_LOADER = "$(TEST_HOST)";
				INFOPLIST_FILE = FirstProjectTests/Info.plist;
				LD_RUNPATH_SEARCH_PATHS = "$(inherited) @executable_path/Frameworks @loader_path/Frameworks";
				PRODUCT_BUNDLE_IDENTIFIER = com.bechir.FirstProjectTests;
				PRODUCT_NAME = "$(TARGET_NAME)";
				SWIFT_VERSION = 3.0;
				TEST_HOST = "$(BUILT_PRODUCTS_DIR)/FirstProject.app/FirstProject";
			};
			name = Release;
		};
		2842E8141ED597570042B5C3 /* Debug */ = {
			isa = XCBuildConfiguration;
			buildSettings = {
				ALWAYS_EMBED_SWIFT_STANDARD_LIBRARIES = YES;
				INFOPLIST_FILE = FirstProjectUITests/Info.plist;
				LD_RUNPATH_SEARCH_PATHS = "$(inherited) @executable_path/Frameworks @loader_path/Frameworks";
				PRODUCT_BUNDLE_IDENTIFIER = com.bechir.FirstProjectUITests;
				PRODUCT_NAME = "$(TARGET_NAME)";
				SWIFT_VERSION = 3.0;
				TEST_TARGET_NAME = FirstProject;
			};
			name = Debug;
		};
		2842E8151ED597570042B5C3 /* Release */ = {
			isa = XCBuildConfiguration;
			buildSettings = {
				ALWAYS_EMBED_SWIFT_STANDARD_LIBRARIES = YES;
				INFOPLIST_FILE = FirstProjectUITests/Info.plist;
				LD_RUNPATH_SEARCH_PATHS = "$(inherited) @executable_path/Frameworks @loader_path/Frameworks";
				PRODUCT_BUNDLE_IDENTIFIER = com.bechir.FirstProjectUITests;
				PRODUCT_NAME = "$(TARGET_NAME)";
				SWIFT_VERSION = 3.0;
				TEST_TARGET_NAME = FirstProject;
			};
			name = Release;
		};
/* End XCBuildConfiguration section */

/* Begin XCConfigurationList section */
		2842E7DD1ED597560042B5C3 /* Build configuration list for PBXProject "FirstProject" */ = {
			isa = XCConfigurationList;
			buildConfigurations = (
				2842E80B1ED597570042B5C3 /* Debug */,
				2842E80C1ED597570042B5C3 /* Release */,
			);
			defaultConfigurationIsVisible = 0;
			defaultConfigurationName = Release;
		};
		2842E80D1ED597570042B5C3 /* Build configuration list for PBXNativeTarget "FirstProject" */ = {
			isa = XCConfigurationList;
			buildConfigurations = (
				2842E80E1ED597570042B5C3 /* Debug */,
				2842E80F1ED597570042B5C3 /* Release */,
			);
			defaultConfigurationIsVisible = 0;
			defaultConfigurationName = Release;
		};
		2842E8101ED597570042B5C3 /* Build configuration list for PBXNativeTarget "FirstProjectTests" */ = {
			isa = XCConfigurationList;
			buildConfigurations = (
				2842E8111ED597570042B5C3 /* Debug */,
				2842E8121ED597570042B5C3 /* Release */,
			);
			defaultConfigurationIsVisible = 0;
			defaultConfigurationName = Release;
		};
		2842E8131ED597570042B5C3 /* Build configuration list for PBXNativeTarget "FirstProjectUITests" */ = {
			isa = XCConfigurationList;
			buildConfigurations = (
				2842E8141ED597570042B5C3 /* Debug */,
				2842E8151ED597570042B5C3 /* Release */,
			);
			defaultConfigurationIsVisible = 0;
			defaultConfigurationName = Release;
		};
/* End XCConfigurationList section */

/* Begin XCVersionGroup section */
		2842E7EC1ED597560042B5C3 /* FirstProject.xcdatamodeld */ = {
			isa = XCVersionGroup;
			children = (
				2842E7ED1ED597560042B5C3 /* FirstProject.xcdatamodel */,
			);
			currentVersion = 2842E7ED1ED597560042B5C3 /* FirstProject.xcdatamodel */;
			path = FirstProject.xcdatamodeld;
			sourceTree = "<group>";
			versionGroupType = wrapper.xcdatamodel;
		};
/* End XCVersionGroup section */
	};
	rootObject = 2842E7DA1ED597560042B5C3 /* Project object */;
}
